
Microsoft Visual Studio Solution File, Format Version 12.00
# Visual Studio Version 17
VisualStudioVersion = 17.14.36811.4 d17.14
MinimumVisualStudioVersion = 10.0.40219.1
Project("{FAE04EC0-301F-11D3-BF4B-00C04F79EFBC}") = "GameStore", "GameStore\GameStore.csproj", "{2EE88B52-A2FA-4EC8-85A0-EA8B16C513D0}"
EndProject
Global
	GlobalSection(SolutionConfigurationPlatforms) = preSolution
		Debug|Any CPU = Debug|Any CPU
		Release|Any CPU = Release|Any CPU
	EndGlobalSection
	GlobalSection(ProjectConfigurationPlatforms) = postSolution
		{2EE88B52-A2FA-4EC8-85A0-EA8B16C513D0}.Debug|Any CPU.ActiveCfg = Debug|Any CPU
		{2EE88B52-A2FA-4EC8-85A0-EA8B16C513D0}.Debug|Any CPU.Build.0 = Debug|Any CPU
		{2EE88B52-A2FA-4EC8-85A0-EA8B16C513D0}.Release|Any CPU.ActiveCfg = Release|Any CPU
		{2EE88B52-A2FA-4EC8-85A0-EA8B16C513D0}.Release|Any CPU.Build.0 = Release|Any CPU
	EndGlobalSection
	GlobalSection(SolutionProperties) = preSolution
		HideSolutionNode = FALSE
	EndGlobalSection
	GlobalSection(ExtensibilityGlobals) = postSolution
		SolutionGuid = {CE17C6CB-E39F-401B-B734-D24D90E7733E}
	EndGlobalSection
EndGlobal
